
Microsoft Visual Studio Solution File, Format Version 12.00
# Visual Studio 15
VisualStudioVersion = 15.0.26730.16
MinimumVisualStudioVersion = 10.0.40219.1
Project("{FAE04EC0-301F-11D3-BF4B-00C04F79EFBC}") = "SimUDuck", "SimUDuck\SimUDuck.csproj", "{0C314824-AF90-4B24-8EF9-8B5A2152233B}"
EndProject
Global
	GlobalSection(SolutionConfigurationPlatforms) = preSolution
		Debug|Any CPU = Debug|Any CPU
		Release|Any CPU = Release|Any CPU
	EndGlobalSection
	GlobalSection(ProjectConfigurationPlatforms) = postSolution
		{0C314824-AF90-4B24-8EF9-8B5A2152233B}.Debug|Any CPU.ActiveCfg = Debug|Any CPU
		{0C314824-AF90-4B24-8EF9-8B5A2152233B}.Debug|Any CPU.Build.0 = Debug|Any CPU
		{0C314824-AF90-4B24-8EF9-8B5A2152233B}.Release|Any CPU.ActiveCfg = Release|Any CPU
		{0C314824-AF90-4B24-8EF9-8B5A2152233B}.Release|Any CPU.Build.0 = Release|Any CPU
	EndGlobalSection
	GlobalSection(SolutionProperties) = preSolution
		HideSolutionNode = FALSE
	EndGlobalSection
	GlobalSection(ExtensibilityGlobals) = postSolution
		SolutionGuid = {49F4D65B-0873-4C12-A75D-508879FC94F1}
	EndGlobalSection
EndGlobal
