
Microsoft Visual Studio Solution File, Format Version 12.00
# Visual Studio 15
VisualStudioVersion = 15.0.26730.16
MinimumVisualStudioVersion = 10.0.40219.1
Project("{FAE04EC0-301F-11D3-BF4B-00C04F79EFBC}") = "AsyncAwaitTest", "AsyncAwaitTest\AsyncAwaitTest.csproj", "{75766806-0223-4442-B418-00799DDDBFE5}"
EndProject
Project("{FAE04EC0-301F-11D3-BF4B-00C04F79EFBC}") = "AsuncAwaitConsole", "AsuncAwaitConsole\AsuncAwaitConsole.csproj", "{50904880-7010-46B3-9C49-59CF64C5A72E}"
EndProject
Project("{FAE04EC0-301F-11D3-BF4B-00C04F79EFBC}") = "AsyncAwaitConsoleEx", "AsyncAwaitConsoleEx\AsyncAwaitConsoleEx.csproj", "{49A9411F-D7FB-4DAD-8074-3FAC5842A64B}"
EndProject
Global
	GlobalSection(SolutionConfigurationPlatforms) = preSolution
		Debug|Any CPU = Debug|Any CPU
		Release|Any CPU = Release|Any CPU
	EndGlobalSection
	GlobalSection(ProjectConfigurationPlatforms) = postSolution
		{75766806-0223-4442-B418-00799DDDBFE5}.Debug|Any CPU.ActiveCfg = Debug|Any CPU
		{75766806-0223-4442-B418-00799DDDBFE5}.Debug|Any CPU.Build.0 = Debug|Any CPU
		{75766806-0223-4442-B418-00799DDDBFE5}.Release|Any CPU.ActiveCfg = Release|Any CPU
		{75766806-0223-4442-B418-00799DDDBFE5}.Release|Any CPU.Build.0 = Release|Any CPU
		{50904880-7010-46B3-9C49-59CF64C5A72E}.Debug|Any CPU.ActiveCfg = Debug|Any CPU
		{50904880-7010-46B3-9C49-59CF64C5A72E}.Debug|Any CPU.Build.0 = Debug|Any CPU
		{50904880-7010-46B3-9C49-59CF64C5A72E}.Release|Any CPU.ActiveCfg = Release|Any CPU
		{50904880-7010-46B3-9C49-59CF64C5A72E}.Release|Any CPU.Build.0 = Release|Any CPU
		{49A9411F-D7FB-4DAD-8074-3FAC5842A64B}.Debug|Any CPU.ActiveCfg = Debug|Any CPU
		{49A9411F-D7FB-4DAD-8074-3FAC5842A64B}.Debug|Any CPU.Build.0 = Debug|Any CPU
		{49A9411F-D7FB-4DAD-8074-3FAC5842A64B}.Release|Any CPU.ActiveCfg = Release|Any CPU
		{49A9411F-D7FB-4DAD-8074-3FAC5842A64B}.Release|Any CPU.Build.0 = Release|Any CPU
	EndGlobalSection
	GlobalSection(SolutionProperties) = preSolution
		HideSolutionNode = FALSE
	EndGlobalSection
	GlobalSection(ExtensibilityGlobals) = postSolution
		SolutionGuid = {B4FE0F4D-BBA7-46B4-B900-A7318ADA5B1D}
	EndGlobalSection
EndGlobal
